
Microsoft Visual Studio Solution File, Format Version 12.00
# Visual Studio Version 16
VisualStudioVersion = 16.0.33027.164
MinimumVisualStudioVersion = 10.0.40219.1
Project("{FAE04EC0-301F-11D3-BF4B-00C04F79EFBC}") = "DBExample", "DBExample\DBExample.csproj", "{3775251C-34DB-4679-A472-18C93663E93A}"
EndProject
Global
	GlobalSection(SolutionConfigurationPlatforms) = preSolution
		Debug|Any CPU = Debug|Any CPU
		Release|Any CPU = Release|Any CPU
	EndGlobalSection
	GlobalSection(ProjectConfigurationPlatforms) = postSolution
		{3775251C-34DB-4679-A472-18C93663E93A}.Debug|Any CPU.ActiveCfg = Debug|Any CPU
		{3775251C-34DB-4679-A472-18C93663E93A}.Debug|Any CPU.Build.0 = Debug|Any CPU
		{3775251C-34DB-4679-A472-18C93663E93A}.Release|Any CPU.ActiveCfg = Release|Any CPU
		{3775251C-34DB-4679-A472-18C93663E93A}.Release|Any CPU.Build.0 = Release|Any CPU
	EndGlobalSection
	GlobalSection(SolutionProperties) = preSolution
		HideSolutionNode = FALSE
	EndGlobalSection
	GlobalSection(ExtensibilityGlobals) = postSolution
		SolutionGuid = {0E51E77C-8AF6-4550-9190-E3328A5D4725}
	EndGlobalSection
EndGlobal
